
Microsoft Visual Studio Solution File, Format Version 12.00
# Visual Studio Version 17
VisualStudioVersion = 17.13.35931.197 d17.13
MinimumVisualStudioVersion = 10.0.40219.1
Project("{FAE04EC0-301F-11D3-BF4B-00C04F79EFBC}") = "Prn222Project", "Prn222Project\Prn222Project.csproj", "{BAEE557D-9BF4-426D-B75A-8E873F5DBD54}"
EndProject
Global
	GlobalSection(SolutionConfigurationPlatforms) = preSolution
		Debug|Any CPU = Debug|Any CPU
		Release|Any CPU = Release|Any CPU
	EndGlobalSection
	GlobalSection(ProjectConfigurationPlatforms) = postSolution
		{BAEE557D-9BF4-426D-B75A-8E873F5DBD54}.Debug|Any CPU.ActiveCfg = Debug|Any CPU
		{BAEE557D-9BF4-426D-B75A-8E873F5DBD54}.Debug|Any CPU.Build.0 = Debug|Any CPU
		{BAEE557D-9BF4-426D-B75A-8E873F5DBD54}.Release|Any CPU.ActiveCfg = Release|Any CPU
		{BAEE557D-9BF4-426D-B75A-8E873F5DBD54}.Release|Any CPU.Build.0 = Release|Any CPU
	EndGlobalSection
	GlobalSection(SolutionProperties) = preSolution
		HideSolutionNode = FALSE
	EndGlobalSection
	GlobalSection(ExtensibilityGlobals) = postSolution
		SolutionGuid = {BA8DF0D6-D9F4-4906-B850-E45B9F2503C3}
	EndGlobalSection
EndGlobal
